
Microsoft Visual Studio Solution File, Format Version 12.00
Project("{FAE04EC0-301F-11D3-BF4B-00C04F79EFBC}") = "fleet-service", "fleet-service.csproj", "{00AB44FC-AC70-4EA3-AF23-C7729AC5109C}"
EndProject
Global
	GlobalSection(SolutionConfigurationPlatforms) = preSolution
		Debug|Any CPU = Debug|Any CPU
		Release|Any CPU = Release|Any CPU
	EndGlobalSection
	GlobalSection(ProjectConfigurationPlatforms) = postSolution
		{00AB44FC-AC70-4EA3-AF23-C7729AC5109C}.Debug|Any CPU.ActiveCfg = Debug|Any CPU
		{00AB44FC-AC70-4EA3-AF23-C7729AC5109C}.Debug|Any CPU.Build.0 = Debug|Any CPU
		{00AB44FC-AC70-4EA3-AF23-C7729AC5109C}.Release|Any CPU.ActiveCfg = Release|Any CPU
		{00AB44FC-AC70-4EA3-AF23-C7729AC5109C}.Release|Any CPU.Build.0 = Release|Any CPU
	EndGlobalSection
EndGlobal
